
Microsoft Visual Studio Solution File, Format Version 12.00
# Visual Studio Version 17
VisualStudioVersion = 17.9.34723.18
MinimumVisualStudioVersion = 10.0.40219.1
Project("{9A19103F-16F7-4668-BE54-9A1E7A4F7556}") = "Hecop_Firewall", "Hecop_Firewall\Hecop_Firewall.csproj", "{E552E8B4-5756-49FB-B35B-F67368AB1B38}"
EndProject
Project("{FAE04EC0-301F-11D3-BF4B-00C04F79EFBC}") = "Hecop_Firewall_Test", "Hecop_Firewall_Test\Hecop_Firewall_Test.csproj", "{D28C762D-258C-4688-B72B-4E3D8E9C9CCA}"
EndProject
Global
	GlobalSection(SolutionConfigurationPlatforms) = preSolution
		Debug|Any CPU = Debug|Any CPU
		Release|Any CPU = Release|Any CPU
	EndGlobalSection
	GlobalSection(ProjectConfigurationPlatforms) = postSolution
		{E552E8B4-5756-49FB-B35B-F67368AB1B38}.Debug|Any CPU.ActiveCfg = Debug|Any CPU
		{E552E8B4-5756-49FB-B35B-F67368AB1B38}.Debug|Any CPU.Build.0 = Debug|Any CPU
		{E552E8B4-5756-49FB-B35B-F67368AB1B38}.Release|Any CPU.ActiveCfg = Release|Any CPU
		{E552E8B4-5756-49FB-B35B-F67368AB1B38}.Release|Any CPU.Build.0 = Release|Any CPU
		{D28C762D-258C-4688-B72B-4E3D8E9C9CCA}.Debug|Any CPU.ActiveCfg = Debug|Any CPU
		{D28C762D-258C-4688-B72B-4E3D8E9C9CCA}.Debug|Any CPU.Build.0 = Debug|Any CPU
		{D28C762D-258C-4688-B72B-4E3D8E9C9CCA}.Release|Any CPU.ActiveCfg = Release|Any CPU
		{D28C762D-258C-4688-B72B-4E3D8E9C9CCA}.Release|Any CPU.Build.0 = Release|Any CPU
	EndGlobalSection
	GlobalSection(SolutionProperties) = preSolution
		HideSolutionNode = FALSE
	EndGlobalSection
	GlobalSection(ExtensibilityGlobals) = postSolution
		SolutionGuid = {D09A118D-A9C1-4C88-BAEC-1FA61521144E}
	EndGlobalSection
EndGlobal
